
Microsoft Visual Studio Solution File, Format Version 12.00
# Visual Studio 15
VisualStudioVersion = 15.0.28307.1705
MinimumVisualStudioVersion = 10.0.40219.1
Project("{2150E333-8FDC-42A3-9474-1A3956D46DE8}") = "ShopManagement", "ShopManagement", "{120D20A1-DD82-4DC8-8B3A-73144BDD2225}"
EndProject
Project("{2150E333-8FDC-42A3-9474-1A3956D46DE8}") = "SM.Domain", "SM.Domain", "{2D17DE93-C506-4540-B671-BEAEBC161CF2}"
EndProject
Project("{9A19103F-16F7-4668-BE54-9A1E7A4F7556}") = "ShopManagement.Domain", "ShopManagement.Domain\ShopManagement.Domain.csproj", "{3C685A58-7D72-4838-930B-D23FB67DE006}"
EndProject
Project("{9A19103F-16F7-4668-BE54-9A1E7A4F7556}") = "0_FrameWork", "0_FrameWork\0_FrameWork.csproj", "{56C88EF3-1761-46DC-A1A1-98613B02F564}"
EndProject
Project("{2150E333-8FDC-42A3-9474-1A3956D46DE8}") = "SM.Aplication", "SM.Aplication", "{A1227807-DE65-42B6-A706-8D3C2946CF86}"
EndProject
Project("{9A19103F-16F7-4668-BE54-9A1E7A4F7556}") = "ShopManagement.Application.Contracts", "ShopManagement.Application.Contracts\ShopManagement.Application.Contracts.csproj", "{980568F9-0025-4970-A9A0-ABB0B788451E}"
EndProject
Project("{9A19103F-16F7-4668-BE54-9A1E7A4F7556}") = "ShopManagement.Application", "ShopManagement.Application\ShopManagement.Application.csproj", "{A7A2B66A-B895-4521-A0BF-6AF4E21B2D14}"
EndProject
Project("{2150E333-8FDC-42A3-9474-1A3956D46DE8}") = "SM.Infrastructure", "SM.Infrastructure", "{C581F04A-271B-408B-8FCF-06E32AB40ED3}"
EndProject
Project("{9A19103F-16F7-4668-BE54-9A1E7A4F7556}") = "ShopManagement.Infrastructure.EFCore", "ShopManagement.Infrastructure.EFCore\ShopManagement.Infrastructure.EFCore.csproj", "{09D54641-6B31-4D6F-88AC-B3CCB05A5B18}"
EndProject
Project("{9A19103F-16F7-4668-BE54-9A1E7A4F7556}") = "ShopManagement.Configuration", "ShopManagement.Configuration\ShopManagement.Configuration.csproj", "{8247E498-768E-4AB9-8CC9-A9E0774C4F84}"
EndProject
Project("{9A19103F-16F7-4668-BE54-9A1E7A4F7556}") = "ServiceHost", "ServiceHost\ServiceHost.csproj", "{452D49D9-F1AF-4D54-B053-FAD0AC762033}"
EndProject
Project("{9A19103F-16F7-4668-BE54-9A1E7A4F7556}") = "01_LampShadeQuery", "01_LampShadeQuery\01_LampShadeQuery.csproj", "{CF5F1FDC-9B99-411B-96A3-70973E2404C8}"
EndProject
Project("{2150E333-8FDC-42A3-9474-1A3956D46DE8}") = "DiscountManagement", "DiscountManagement", "{69A9B0F6-6296-462A-A810-3CD168ED364E}"
EndProject
Project("{2150E333-8FDC-42A3-9474-1A3956D46DE8}") = "DM.DOmain", "DM.DOmain", "{7004722F-56E0-4D55-9090-58E2142E3A5E}"
EndProject
Project("{9A19103F-16F7-4668-BE54-9A1E7A4F7556}") = "DiscountManagement.DOmain", "DiscountManagement.DOmain\DiscountManagement.DOmain.csproj", "{AB791D29-EE43-4D2E-AA98-6A7EE02C2F11}"
EndProject
Project("{2150E333-8FDC-42A3-9474-1A3956D46DE8}") = "DM.Application", "DM.Application", "{FD64CDFD-F813-4D84-A7CA-D57D7826E9BE}"
EndProject
Project("{9A19103F-16F7-4668-BE54-9A1E7A4F7556}") = "DiscountManagement.Application.Contract", "DiscountManagement.Application.Contract\DiscountManagement.Application.Contract.csproj", "{EE95E56E-5695-431B-9F36-44E0418CC09C}"
EndProject
Project("{9A19103F-16F7-4668-BE54-9A1E7A4F7556}") = "DiscountManagement.Application", "CustomerDiscount.Application\DiscountManagement.Application.csproj", "{F0C0EEBA-E91C-471E-A784-2A80F15BF7B7}"
EndProject
Project("{2150E333-8FDC-42A3-9474-1A3956D46DE8}") = "DM.Infrastructure", "DM.Infrastructure", "{F34F1B7F-9369-4747-B60C-8C4BC3D73505}"
EndProject
Project("{9A19103F-16F7-4668-BE54-9A1E7A4F7556}") = "DiscountManagement.Infrastructure.EFCore", "DiscountManagement.Infrastructure.EFCore\DiscountManagement.Infrastructure.EFCore.csproj", "{5D0EEEE8-04EC-43F4-BE9B-09927828EF2E}"
EndProject
Project("{9A19103F-16F7-4668-BE54-9A1E7A4F7556}") = "DiscountManagement.Configuration", "DiscountManagement.Configuration\DiscountManagement.Configuration.csproj", "{E4AF2521-A431-4966-B453-08EB1AA971DB}"
EndProject
Project("{2150E333-8FDC-42A3-9474-1A3956D46DE8}") = "InventoryManagement", "InventoryManagement", "{F056A407-F740-4CDA-ACE5-A8CD6E7EBD27}"
EndProject
Project("{2150E333-8FDC-42A3-9474-1A3956D46DE8}") = "IM.Domain", "IM.Domain", "{C0CA275C-3F85-4DAF-9CD0-D6BDE31EA0BF}"
EndProject
Project("{2150E333-8FDC-42A3-9474-1A3956D46DE8}") = "IM.Application", "IM.Application", "{AFD19919-BF9A-4438-BC9E-28A17C456357}"
EndProject
Project("{2150E333-8FDC-42A3-9474-1A3956D46DE8}") = "IM.Infrastructure", "IM.Infrastructure", "{B9CBAF4B-35F0-42C5-B89B-16EBF44D1270}"
EndProject
Project("{9A19103F-16F7-4668-BE54-9A1E7A4F7556}") = "InventoryManagement.Domain", "InventoryManagement.Domain\InventoryManagement.Domain.csproj", "{44C4AFD3-30F3-4D18-9F66-264BAE22A206}"
EndProject
Project("{9A19103F-16F7-4668-BE54-9A1E7A4F7556}") = "InventoryManagement.Application.Contract", "InventoryManagement.Application.Contract\InventoryManagement.Application.Contract.csproj", "{E1F9CF98-8542-468F-BB3A-D7FE2E87D25C}"
EndProject
Project("{9A19103F-16F7-4668-BE54-9A1E7A4F7556}") = "InventoryManagement.Application", "InventoryManagement.Application\InventoryManagement.Application.csproj", "{B2FDCB3D-4B70-4227-8DFC-F1F23CD654B9}"
EndProject
Project("{FAE04EC0-301F-11D3-BF4B-00C04F79EFBC}") = "InventoryManagement.Infrastructure.EFCore", "InventoryManagement.Infrastructure.EFCore\InventoryManagement.Infrastructure.EFCore.csproj", "{8846AE0F-194E-46A6-9F01-48C521FCEABD}"
EndProject
Project("{FAE04EC0-301F-11D3-BF4B-00C04F79EFBC}") = "InventoryManagement.Infrastructure.Configuration", "InventoryManagement.Infrastructure.Configuration\InventoryManagement.Infrastructure.Configuration.csproj", "{9B3E5424-1821-4AC3-A28F-D374383E0711}"
EndProject
Global
	GlobalSection(SolutionConfigurationPlatforms) = preSolution
		Debug|Any CPU = Debug|Any CPU
		Release|Any CPU = Release|Any CPU
	EndGlobalSection
	GlobalSection(ProjectConfigurationPlatforms) = postSolution
		{3C685A58-7D72-4838-930B-D23FB67DE006}.Debug|Any CPU.ActiveCfg = Debug|Any CPU
		{3C685A58-7D72-4838-930B-D23FB67DE006}.Debug|Any CPU.Build.0 = Debug|Any CPU
		{3C685A58-7D72-4838-930B-D23FB67DE006}.Release|Any CPU.ActiveCfg = Release|Any CPU
		{3C685A58-7D72-4838-930B-D23FB67DE006}.Release|Any CPU.Build.0 = Release|Any CPU
		{56C88EF3-1761-46DC-A1A1-98613B02F564}.Debug|Any CPU.ActiveCfg = Debug|Any CPU
		{56C88EF3-1761-46DC-A1A1-98613B02F564}.Debug|Any CPU.Build.0 = Debug|Any CPU
		{56C88EF3-1761-46DC-A1A1-98613B02F564}.Release|Any CPU.ActiveCfg = Release|Any CPU
		{56C88EF3-1761-46DC-A1A1-98613B02F564}.Release|Any CPU.Build.0 = Release|Any CPU
		{980568F9-0025-4970-A9A0-ABB0B788451E}.Debug|Any CPU.ActiveCfg = Debug|Any CPU
		{980568F9-0025-4970-A9A0-ABB0B788451E}.Debug|Any CPU.Build.0 = Debug|Any CPU
		{980568F9-0025-4970-A9A0-ABB0B788451E}.Release|Any CPU.ActiveCfg = Release|Any CPU
		{980568F9-0025-4970-A9A0-ABB0B788451E}.Release|Any CPU.Build.0 = Release|Any CPU
		{A7A2B66A-B895-4521-A0BF-6AF4E21B2D14}.Debug|Any CPU.ActiveCfg = Debug|Any CPU
		{A7A2B66A-B895-4521-A0BF-6AF4E21B2D14}.Debug|Any CPU.Build.0 = Debug|Any CPU
		{A7A2B66A-B895-4521-A0BF-6AF4E21B2D14}.Release|Any CPU.ActiveCfg = Release|Any CPU
		{A7A2B66A-B895-4521-A0BF-6AF4E21B2D14}.Release|Any CPU.Build.0 = Release|Any CPU
		{09D54641-6B31-4D6F-88AC-B3CCB05A5B18}.Debug|Any CPU.ActiveCfg = Debug|Any CPU
		{09D54641-6B31-4D6F-88AC-B3CCB05A5B18}.Debug|Any CPU.Build.0 = Debug|Any CPU
		{09D54641-6B31-4D6F-88AC-B3CCB05A5B18}.Release|Any CPU.ActiveCfg = Release|Any CPU
		{09D54641-6B31-4D6F-88AC-B3CCB05A5B18}.Release|Any CPU.Build.0 = Release|Any CPU
		{8247E498-768E-4AB9-8CC9-A9E0774C4F84}.Debug|Any CPU.ActiveCfg = Debug|Any CPU
		{8247E498-768E-4AB9-8CC9-A9E0774C4F84}.Debug|Any CPU.Build.0 = Debug|Any CPU
		{8247E498-768E-4AB9-8CC9-A9E0774C4F84}.Release|Any CPU.ActiveCfg = Release|Any CPU
		{8247E498-768E-4AB9-8CC9-A9E0774C4F84}.Release|Any CPU.Build.0 = Release|Any CPU
		{452D49D9-F1AF-4D54-B053-FAD0AC762033}.Debug|Any CPU.ActiveCfg = Debug|Any CPU
		{452D49D9-F1AF-4D54-B053-FAD0AC762033}.Debug|Any CPU.Build.0 = Debug|Any CPU
		{452D49D9-F1AF-4D54-B053-FAD0AC762033}.Release|Any CPU.ActiveCfg = Release|Any CPU
		{452D49D9-F1AF-4D54-B053-FAD0AC762033}.Release|Any CPU.Build.0 = Release|Any CPU
		{CF5F1FDC-9B99-411B-96A3-70973E2404C8}.Debug|Any CPU.ActiveCfg = Debug|Any CPU
		{CF5F1FDC-9B99-411B-96A3-70973E2404C8}.Debug|Any CPU.Build.0 = Debug|Any CPU
		{CF5F1FDC-9B99-411B-96A3-70973E2404C8}.Release|Any CPU.ActiveCfg = Release|Any CPU
		{CF5F1FDC-9B99-411B-96A3-70973E2404C8}.Release|Any CPU.Build.0 = Release|Any CPU
		{AB791D29-EE43-4D2E-AA98-6A7EE02C2F11}.Debug|Any CPU.ActiveCfg = Debug|Any CPU
		{AB791D29-EE43-4D2E-AA98-6A7EE02C2F11}.Debug|Any CPU.Build.0 = Debug|Any CPU
		{AB791D29-EE43-4D2E-AA98-6A7EE02C2F11}.Release|Any CPU.ActiveCfg = Release|Any CPU
		{AB791D29-EE43-4D2E-AA98-6A7EE02C2F11}.Release|Any CPU.Build.0 = Release|Any CPU
		{EE95E56E-5695-431B-9F36-44E0418CC09C}.Debug|Any CPU.ActiveCfg = Debug|Any CPU
		{EE95E56E-5695-431B-9F36-44E0418CC09C}.Debug|Any CPU.Build.0 = Debug|Any CPU
		{EE95E56E-5695-431B-9F36-44E0418CC09C}.Release|Any CPU.ActiveCfg = Release|Any CPU
		{EE95E56E-5695-431B-9F36-44E0418CC09C}.Release|Any CPU.Build.0 = Release|Any CPU
		{F0C0EEBA-E91C-471E-A784-2A80F15BF7B7}.Debug|Any CPU.ActiveCfg = Debug|Any CPU
		{F0C0EEBA-E91C-471E-A784-2A80F15BF7B7}.Debug|Any CPU.Build.0 = Debug|Any CPU
		{F0C0EEBA-E91C-471E-A784-2A80F15BF7B7}.Release|Any CPU.ActiveCfg = Release|Any CPU
		{F0C0EEBA-E91C-471E-A784-2A80F15BF7B7}.Release|Any CPU.Build.0 = Release|Any CPU
		{5D0EEEE8-04EC-43F4-BE9B-09927828EF2E}.Debug|Any CPU.ActiveCfg = Debug|Any CPU
		{5D0EEEE8-04EC-43F4-BE9B-09927828EF2E}.Debug|Any CPU.Build.0 = Debug|Any CPU
		{5D0EEEE8-04EC-43F4-BE9B-09927828EF2E}.Release|Any CPU.ActiveCfg = Release|Any CPU
		{5D0EEEE8-04EC-43F4-BE9B-09927828EF2E}.Release|Any CPU.Build.0 = Release|Any CPU
		{E4AF2521-A431-4966-B453-08EB1AA971DB}.Debug|Any CPU.ActiveCfg = Debug|Any CPU
		{E4AF2521-A431-4966-B453-08EB1AA971DB}.Debug|Any CPU.Build.0 = Debug|Any CPU
		{E4AF2521-A431-4966-B453-08EB1AA971DB}.Release|Any CPU.ActiveCfg = Release|Any CPU
		{E4AF2521-A431-4966-B453-08EB1AA971DB}.Release|Any CPU.Build.0 = Release|Any CPU
		{44C4AFD3-30F3-4D18-9F66-264BAE22A206}.Debug|Any CPU.ActiveCfg = Debug|Any CPU
		{44C4AFD3-30F3-4D18-9F66-264BAE22A206}.Debug|Any CPU.Build.0 = Debug|Any CPU
		{44C4AFD3-30F3-4D18-9F66-264BAE22A206}.Release|Any CPU.ActiveCfg = Release|Any CPU
		{44C4AFD3-30F3-4D18-9F66-264BAE22A206}.Release|Any CPU.Build.0 = Release|Any CPU
		{E1F9CF98-8542-468F-BB3A-D7FE2E87D25C}.Debug|Any CPU.ActiveCfg = Debug|Any CPU
		{E1F9CF98-8542-468F-BB3A-D7FE2E87D25C}.Debug|Any CPU.Build.0 = Debug|Any CPU
		{E1F9CF98-8542-468F-BB3A-D7FE2E87D25C}.Release|Any CPU.ActiveCfg = Release|Any CPU
		{E1F9CF98-8542-468F-BB3A-D7FE2E87D25C}.Release|Any CPU.Build.0 = Release|Any CPU
		{B2FDCB3D-4B70-4227-8DFC-F1F23CD654B9}.Debug|Any CPU.ActiveCfg = Debug|Any CPU
		{B2FDCB3D-4B70-4227-8DFC-F1F23CD654B9}.Debug|Any CPU.Build.0 = Debug|Any CPU
		{B2FDCB3D-4B70-4227-8DFC-F1F23CD654B9}.Release|Any CPU.ActiveCfg = Release|Any CPU
		{B2FDCB3D-4B70-4227-8DFC-F1F23CD654B9}.Release|Any CPU.Build.0 = Release|Any CPU
		{8846AE0F-194E-46A6-9F01-48C521FCEABD}.Debug|Any CPU.ActiveCfg = Debug|Any CPU
		{8846AE0F-194E-46A6-9F01-48C521FCEABD}.Debug|Any CPU.Build.0 = Debug|Any CPU
		{8846AE0F-194E-46A6-9F01-48C521FCEABD}.Release|Any CPU.ActiveCfg = Release|Any CPU
		{8846AE0F-194E-46A6-9F01-48C521FCEABD}.Release|Any CPU.Build.0 = Release|Any CPU
		{9B3E5424-1821-4AC3-A28F-D374383E0711}.Debug|Any CPU.ActiveCfg = Debug|Any CPU
		{9B3E5424-1821-4AC3-A28F-D374383E0711}.Debug|Any CPU.Build.0 = Debug|Any CPU
		{9B3E5424-1821-4AC3-A28F-D374383E0711}.Release|Any CPU.ActiveCfg = Release|Any CPU
		{9B3E5424-1821-4AC3-A28F-D374383E0711}.Release|Any CPU.Build.0 = Release|Any CPU
	EndGlobalSection
	GlobalSection(SolutionProperties) = preSolution
		HideSolutionNode = FALSE
	EndGlobalSection
	GlobalSection(NestedProjects) = preSolution
		{2D17DE93-C506-4540-B671-BEAEBC161CF2} = {120D20A1-DD82-4DC8-8B3A-73144BDD2225}
		{3C685A58-7D72-4838-930B-D23FB67DE006} = {2D17DE93-C506-4540-B671-BEAEBC161CF2}
		{A1227807-DE65-42B6-A706-8D3C2946CF86} = {120D20A1-DD82-4DC8-8B3A-73144BDD2225}
		{980568F9-0025-4970-A9A0-ABB0B788451E} = {A1227807-DE65-42B6-A706-8D3C2946CF86}
		{A7A2B66A-B895-4521-A0BF-6AF4E21B2D14} = {A1227807-DE65-42B6-A706-8D3C2946CF86}
		{C581F04A-271B-408B-8FCF-06E32AB40ED3} = {120D20A1-DD82-4DC8-8B3A-73144BDD2225}
		{09D54641-6B31-4D6F-88AC-B3CCB05A5B18} = {C581F04A-271B-408B-8FCF-06E32AB40ED3}
		{8247E498-768E-4AB9-8CC9-A9E0774C4F84} = {C581F04A-271B-408B-8FCF-06E32AB40ED3}
		{7004722F-56E0-4D55-9090-58E2142E3A5E} = {69A9B0F6-6296-462A-A810-3CD168ED364E}
		{AB791D29-EE43-4D2E-AA98-6A7EE02C2F11} = {7004722F-56E0-4D55-9090-58E2142E3A5E}
		{FD64CDFD-F813-4D84-A7CA-D57D7826E9BE} = {69A9B0F6-6296-462A-A810-3CD168ED364E}
		{EE95E56E-5695-431B-9F36-44E0418CC09C} = {FD64CDFD-F813-4D84-A7CA-D57D7826E9BE}
		{F0C0EEBA-E91C-471E-A784-2A80F15BF7B7} = {FD64CDFD-F813-4D84-A7CA-D57D7826E9BE}
		{F34F1B7F-9369-4747-B60C-8C4BC3D73505} = {69A9B0F6-6296-462A-A810-3CD168ED364E}
		{5D0EEEE8-04EC-43F4-BE9B-09927828EF2E} = {F34F1B7F-9369-4747-B60C-8C4BC3D73505}
		{E4AF2521-A431-4966-B453-08EB1AA971DB} = {F34F1B7F-9369-4747-B60C-8C4BC3D73505}
		{C0CA275C-3F85-4DAF-9CD0-D6BDE31EA0BF} = {F056A407-F740-4CDA-ACE5-A8CD6E7EBD27}
		{AFD19919-BF9A-4438-BC9E-28A17C456357} = {F056A407-F740-4CDA-ACE5-A8CD6E7EBD27}
		{B9CBAF4B-35F0-42C5-B89B-16EBF44D1270} = {F056A407-F740-4CDA-ACE5-A8CD6E7EBD27}
		{44C4AFD3-30F3-4D18-9F66-264BAE22A206} = {C0CA275C-3F85-4DAF-9CD0-D6BDE31EA0BF}
		{E1F9CF98-8542-468F-BB3A-D7FE2E87D25C} = {AFD19919-BF9A-4438-BC9E-28A17C456357}
		{B2FDCB3D-4B70-4227-8DFC-F1F23CD654B9} = {AFD19919-BF9A-4438-BC9E-28A17C456357}
		{8846AE0F-194E-46A6-9F01-48C521FCEABD} = {B9CBAF4B-35F0-42C5-B89B-16EBF44D1270}
		{9B3E5424-1821-4AC3-A28F-D374383E0711} = {B9CBAF4B-35F0-42C5-B89B-16EBF44D1270}
	EndGlobalSection
	GlobalSection(ExtensibilityGlobals) = postSolution
		SolutionGuid = {8A17B1D6-0821-462A-A957-C19C8C4C00DC}
	EndGlobalSection
EndGlobal
