
Microsoft Visual Studio Solution File, Format Version 12.00
# Visual Studio Version 17
VisualStudioVersion = 17.0.32014.148
MinimumVisualStudioVersion = 10.0.40219.1
Project("{2150E333-8FDC-42A3-9474-1A3956D46DE8}") = "ShopManagement", "ShopManagement", "{8F44C6F7-145F-43D2-8143-2BC774762585}"
EndProject
Project("{2150E333-8FDC-42A3-9474-1A3956D46DE8}") = "BlogManagement", "BlogManagement", "{62B182E3-5234-4A08-86C3-24D01A7BDE7F}"
EndProject
Project("{2150E333-8FDC-42A3-9474-1A3956D46DE8}") = "InventoryManagement", "InventoryManagement", "{9A7E7A91-D415-452A-ADF9-1E93D0B49A8A}"
EndProject
Project("{2150E333-8FDC-42A3-9474-1A3956D46DE8}") = "CommentManagement", "CommentManagement", "{8924CF4A-D1D4-4403-AB47-0D63006FBAF6}"
EndProject
Project("{2150E333-8FDC-42A3-9474-1A3956D46DE8}") = "DiscountManagement", "DiscountManagement", "{00ACFDB3-D19D-4E62-A6D2-C19232CB811F}"
EndProject
Project("{9A19103F-16F7-4668-BE54-9A1E7A4F7556}") = "0_FrameWork", "0_FrameWork\0_FrameWork.csproj", "{C1D8A864-FF82-4246-A512-95E60451086E}"
EndProject
Project("{9A19103F-16F7-4668-BE54-9A1E7A4F7556}") = "01_LampShadeQuery", "01_LampShadeQuery\01_LampShadeQuery.csproj", "{6396079E-8EB8-43D8-99F9-B5CD01A576EE}"
EndProject
Project("{9A19103F-16F7-4668-BE54-9A1E7A4F7556}") = "ServiceHost", "ServiceHost\ServiceHost.csproj", "{D32766E4-A46B-428C-9779-76134BD80B2E}"
EndProject
Project("{2150E333-8FDC-42A3-9474-1A3956D46DE8}") = "SM.Domain", "SM.Domain", "{331BCF8F-E255-49DF-A163-DAE6BF22EB20}"
EndProject
Project("{2150E333-8FDC-42A3-9474-1A3956D46DE8}") = "SM.Application", "SM.Application", "{242CB5EF-2786-4C58-BB01-3BA85E6B8CAA}"
EndProject
Project("{2150E333-8FDC-42A3-9474-1A3956D46DE8}") = "SM.Infrasutructure.EFCore", "SM.Infrasutructure.EFCore", "{B5D67C1A-EC02-40EB-865D-4AD0B1107064}"
EndProject
Project("{2150E333-8FDC-42A3-9474-1A3956D46DE8}") = "SM.Infrasutructure.Configuration", "SM.Infrasutructure.Configuration", "{81003451-1B3F-4E6E-8CB9-F0A9C3446036}"
EndProject
Project("{9A19103F-16F7-4668-BE54-9A1E7A4F7556}") = "ShopManagement.Domain", "ShopManagement.Domain\ShopManagement.Domain.csproj", "{A66EFE16-E708-43CB-A2F3-3FD4232489E4}"
EndProject
Project("{9A19103F-16F7-4668-BE54-9A1E7A4F7556}") = "ShopManagement.Application.Contracts", "ShopManagement.Application.Contracts\ShopManagement.Application.Contracts.csproj", "{B6DE8A47-EFB0-48C2-AE05-D7F86C127821}"
EndProject
Project("{9A19103F-16F7-4668-BE54-9A1E7A4F7556}") = "ShopManagement.Application", "ShopManagement.Application\ShopManagement.Application.csproj", "{5C885270-DB8B-48E7-9F64-9439C7368FB7}"
EndProject
Project("{9A19103F-16F7-4668-BE54-9A1E7A4F7556}") = "ShopManagement.Infrasutructure.EFCore", "ShopManagement.Infrasutructure.EFCore\ShopManagement.Infrasutructure.EFCore.csproj", "{3F8FDB12-EBDF-4438-BC14-729863688504}"
EndProject
Project("{9A19103F-16F7-4668-BE54-9A1E7A4F7556}") = "ShopManagement.Infrasutructure.Configuration", "ShopManagement.Infrasutructure.Configuration\ShopManagement.Infrasutructure.Configuration.csproj", "{4EA184AF-5EA7-4168-94C0-65677851D271}"
EndProject
Project("{2150E333-8FDC-42A3-9474-1A3956D46DE8}") = "BM.Domain", "BM.Domain", "{9503181A-36E4-4921-9276-2B7413E7D03A}"
EndProject
Project("{2150E333-8FDC-42A3-9474-1A3956D46DE8}") = "BM.Application", "BM.Application", "{B973C105-0F96-4E78-BD4F-2FE207FA3740}"
EndProject
Project("{2150E333-8FDC-42A3-9474-1A3956D46DE8}") = "BM.Infrasutructure.EFCore", "BM.Infrasutructure.EFCore", "{282C274D-2FFF-40E7-BA3D-4186F30B9AB9}"
EndProject
Project("{2150E333-8FDC-42A3-9474-1A3956D46DE8}") = "BM.Infrasutructure.Configuration", "BM.Infrasutructure.Configuration", "{80C182BB-94A4-4019-A9F1-5212B65236D4}"
EndProject
Project("{9A19103F-16F7-4668-BE54-9A1E7A4F7556}") = "BlogManagement.Domain", "BlogManagement.Domain\BlogManagement.Domain.csproj", "{FDC0B867-1932-43A8-8865-50BA2DF541A8}"
EndProject
Project("{9A19103F-16F7-4668-BE54-9A1E7A4F7556}") = "BlogManagement.Infrasutructure.EFCore", "BlogManagement.Infrasutructure.EFCore\BlogManagement.Infrasutructure.EFCore.csproj", "{EF00EBEC-89DF-44F2-9260-2E7B3ADAA633}"
EndProject
Project("{9A19103F-16F7-4668-BE54-9A1E7A4F7556}") = "BlogManagement.Infrasutructure.Configuration", "BlogManagement.Infrasutructure.Configuration\BlogManagement.Infrasutructure.Configuration.csproj", "{4FBC50A8-12EF-4022-8378-6AAF350CEE7F}"
EndProject
Project("{9A19103F-16F7-4668-BE54-9A1E7A4F7556}") = "BlogManagement.Application", "BlogManagement.Application\BlogManagement.Application.csproj", "{284BCE17-C559-4E19-9B16-0C17DDA7E205}"
EndProject
Project("{9A19103F-16F7-4668-BE54-9A1E7A4F7556}") = "BlogManagement.Application.Contracts", "BlogManagement.Application.Contracts\BlogManagement.Application.Contracts.csproj", "{61C089E9-A290-465B-84FC-BBF608A7D0C9}"
EndProject
Project("{2150E333-8FDC-42A3-9474-1A3956D46DE8}") = "CM.Domain", "CM.Domain", "{EBEB2D87-AEF9-42F4-B673-CA4D1660E621}"
EndProject
Project("{2150E333-8FDC-42A3-9474-1A3956D46DE8}") = "CM.Application", "CM.Application", "{90BA4EF7-D956-4BD1-9F4B-1C5C8C62B24B}"
EndProject
Project("{2150E333-8FDC-42A3-9474-1A3956D46DE8}") = "CM.Infrasutructure.EFCore", "CM.Infrasutructure.EFCore", "{DBBC2599-1FEA-4EDF-94DD-F7D305A70B8A}"
EndProject
Project("{2150E333-8FDC-42A3-9474-1A3956D46DE8}") = "CM.Infrasutructure.Configuration", "CM.Infrasutructure.Configuration", "{A00FB159-A4E6-4ACA-8021-5FF386307BA0}"
EndProject
Project("{9A19103F-16F7-4668-BE54-9A1E7A4F7556}") = "CommentManagement.Domain", "CommentManagement.Domain\CommentManagement.Domain.csproj", "{C062A149-6B38-4ED4-8AC5-4B192CD0D2AC}"
EndProject
Project("{9A19103F-16F7-4668-BE54-9A1E7A4F7556}") = "CommentManagement.Application", "CommentManagement.Application\CommentManagement.Application.csproj", "{FAF6B976-4F52-419D-86EC-67783396F37F}"
EndProject
Project("{9A19103F-16F7-4668-BE54-9A1E7A4F7556}") = "CommentManagement.Application.Contracts", "CommentManagement.Application.Contracts\CommentManagement.Application.Contracts.csproj", "{4AC38CC4-A0B8-4945-8991-51B6C7EA1577}"
EndProject
Project("{9A19103F-16F7-4668-BE54-9A1E7A4F7556}") = "CommentManagement.Infrasutructure.Configuration", "CommentManagement.Infrasutructure.Configuration\CommentManagement.Infrasutructure.Configuration.csproj", "{C57C12D2-E902-42CD-9DFD-25DF5829AB6E}"
EndProject
Project("{9A19103F-16F7-4668-BE54-9A1E7A4F7556}") = "CommentManagement.Infrasutructure.EFCore", "CommentManagement.Infrasutructure.EFCore\CommentManagement.Infrasutructure.EFCore.csproj", "{DB92CAE8-B947-4F6B-8CC8-5B6714063C34}"
EndProject
Project("{2150E333-8FDC-42A3-9474-1A3956D46DE8}") = "IM.Domain", "IM.Domain", "{0553D412-8649-45EF-B184-1B8D863C9407}"
EndProject
Project("{2150E333-8FDC-42A3-9474-1A3956D46DE8}") = "IM.Application", "IM.Application", "{44D4EDC9-1221-4712-A4E5-47314F1398A5}"
EndProject
Project("{2150E333-8FDC-42A3-9474-1A3956D46DE8}") = "IM.Infrasutructure.Configuration", "IM.Infrasutructure.Configuration", "{D9CDCDB2-B542-4D76-B8E9-3F59463E669B}"
EndProject
Project("{2150E333-8FDC-42A3-9474-1A3956D46DE8}") = "IM.Infrasutructure.EFCore", "IM.Infrasutructure.EFCore", "{58494BFE-894E-4202-9B8D-59A63B438E05}"
EndProject
Project("{9A19103F-16F7-4668-BE54-9A1E7A4F7556}") = "InventoryManagement.Domain", "InventoryManagement.Domain\InventoryManagement.Domain.csproj", "{ED3E774C-11E1-4908-BDCA-84145D78D5A1}"
EndProject
Project("{9A19103F-16F7-4668-BE54-9A1E7A4F7556}") = "InventoryManagement.Application", "InventoryManagement.Application\InventoryManagement.Application.csproj", "{3D15993E-56F8-430D-A4E3-C28BE0DA8C64}"
EndProject
Project("{9A19103F-16F7-4668-BE54-9A1E7A4F7556}") = "InventoryManagement.Application.Contracts", "InventoryManagement.Application.Contracts\InventoryManagement.Application.Contracts.csproj", "{30248C21-87EC-40CD-A5FF-037C5BAB0D81}"
EndProject
Project("{9A19103F-16F7-4668-BE54-9A1E7A4F7556}") = "InventoryManagement.Infrasutructure.Configuration", "InventoryManagement.Infrasutructure.Configuration\InventoryManagement.Infrasutructure.Configuration.csproj", "{57771073-FF50-4E18-866E-AC34F5BC0229}"
EndProject
Project("{9A19103F-16F7-4668-BE54-9A1E7A4F7556}") = "InventoryManagement.Infrasutructure.EFCore", "InventoryManagement.Infrasutructure.EFCore\InventoryManagement.Infrasutructure.EFCore.csproj", "{80F4972B-0484-41EC-B970-283196B0706C}"
EndProject
Project("{2150E333-8FDC-42A3-9474-1A3956D46DE8}") = "DM.Domain", "DM.Domain", "{84EF5298-59C4-453B-BAE7-B46A1D745E5A}"
EndProject
Project("{2150E333-8FDC-42A3-9474-1A3956D46DE8}") = "DM.Application", "DM.Application", "{45C6543B-F9B4-4AD2-B21B-4C45777B8826}"
EndProject
Project("{2150E333-8FDC-42A3-9474-1A3956D46DE8}") = "DM.Infrasutructure.Configuration", "DM.Infrasutructure.Configuration", "{C03C94B7-9DA9-4440-B667-503B0C586D43}"
EndProject
Project("{2150E333-8FDC-42A3-9474-1A3956D46DE8}") = "DM.Infrasutructure.EFCore", "DM.Infrasutructure.EFCore", "{918D74F4-8B7C-45E1-8570-A72D2312B142}"
EndProject
Project("{9A19103F-16F7-4668-BE54-9A1E7A4F7556}") = "DiscountManagement.Domain", "DiscountManagement.Domain\DiscountManagement.Domain.csproj", "{81F02242-85B2-4CA8-8E0A-637B79DB5D39}"
EndProject
Project("{9A19103F-16F7-4668-BE54-9A1E7A4F7556}") = "DiscountManagement.Application", "DiscountManagement.Application\DiscountManagement.Application.csproj", "{A535258C-6200-47F7-A204-5BF69511D969}"
EndProject
Project("{9A19103F-16F7-4668-BE54-9A1E7A4F7556}") = "DiscountManagement.Application.Contracts", "DiscountManagement.Application.Contracts\DiscountManagement.Application.Contracts.csproj", "{A4C2EBEB-2A67-4E22-9EFE-4D61492021F0}"
EndProject
Project("{9A19103F-16F7-4668-BE54-9A1E7A4F7556}") = "DiscountManagement.Infrasutructure.Configuration", "DiscountManagement.Infrasutructure.Configuration\DiscountManagement.Infrasutructure.Configuration.csproj", "{F339D003-DA62-48CB-B5C4-3C4E2B5C6038}"
EndProject
Project("{9A19103F-16F7-4668-BE54-9A1E7A4F7556}") = "DiscountManagement.Infrasutructure.EFCore", "DiscountManagement.Infrasutructure.EFCore\DiscountManagement.Infrasutructure.EFCore.csproj", "{AD6E42A4-AA0B-4DC9-9FC9-70C11C745182}"
EndProject
Project("{2150E333-8FDC-42A3-9474-1A3956D46DE8}") = "AccountManagement", "AccountManagement", "{BB66EAA8-0D5E-463B-8E4E-AC6484063D4D}"
EndProject
Project("{2150E333-8FDC-42A3-9474-1A3956D46DE8}") = "AM.Domain", "AM.Domain", "{24505CEA-C9D5-4C2A-9893-9878B553AC5B}"
EndProject
Project("{9A19103F-16F7-4668-BE54-9A1E7A4F7556}") = "AccountManagement.Domain", "AccountManagement.Domain\AccountManagement.Domain.csproj", "{4AE20385-E8FA-4FBC-8994-2264FAE02C15}"
EndProject
Project("{2150E333-8FDC-42A3-9474-1A3956D46DE8}") = "AM.Application", "AM.Application", "{3F7DCBFA-3F1C-4F7E-87F6-0B2A9982CEBA}"
EndProject
Project("{9A19103F-16F7-4668-BE54-9A1E7A4F7556}") = "AccountManagement.Application.Contracts", "AccountManagement.Application.Contracts\AccountManagement.Application.Contracts.csproj", "{252840D3-181C-4D4F-9C85-FD23C21A9E5E}"
EndProject
Project("{9A19103F-16F7-4668-BE54-9A1E7A4F7556}") = "AccountManagement.Application", "AccountManagement.Application\AccountManagement.Application.csproj", "{0BCC6F50-C8E1-46F2-B78E-3BF1208C4701}"
EndProject
Project("{2150E333-8FDC-42A3-9474-1A3956D46DE8}") = "AM.Infrasutructure", "AM.Infrasutructure", "{8C0F554D-17FA-419C-9272-281C76523C40}"
EndProject
Project("{9A19103F-16F7-4668-BE54-9A1E7A4F7556}") = "AccountManagement.Infrastructure.EFCore", "AccountManagement.Infrastructure.EFCore\AccountManagement.Infrastructure.EFCore.csproj", "{B6C1CFCF-CA97-4413-82D3-1DB36A479871}"
EndProject
Project("{9A19103F-16F7-4668-BE54-9A1E7A4F7556}") = "AccountManagement.Configuration", "AccountManagement.Configuration\AccountManagement.Configuration.csproj", "{C0F7A8F8-170C-4DB6-80EA-C290965B0F59}"
EndProject
Project("{2150E333-8FDC-42A3-9474-1A3956D46DE8}") = "AM.Infrasutructure.Configuration", "AM.Infrasutructure.Configuration", "{5D5EFDE6-5839-4831-AF88-0A7514E19A53}"
EndProject
Project("{2150E333-8FDC-42A3-9474-1A3956D46DE8}") = "SM.Infrastructure.AccountAcl", "SM.Infrastructure.AccountAcl", "{3542DC3E-605A-4A58-BC7D-1A64191774BC}"
EndProject
Project("{9A19103F-16F7-4668-BE54-9A1E7A4F7556}") = "ShopManagement.Infrastructure.AccountAcl", "ShopManagement.Infrastructure.AccountAcl\ShopManagement.Infrastructure.AccountAcl.csproj", "{7F38E0FE-1F31-40FD-A0A6-ECBDCAFA57E1}"
EndProject
Project("{2150E333-8FDC-42A3-9474-1A3956D46DE8}") = "SM.Infrastructure.InventoryAcl", "SM.Infrastructure.InventoryAcl", "{249B22CC-2BB4-4253-8B4E-87100BDB07AD}"
EndProject
Project("{9A19103F-16F7-4668-BE54-9A1E7A4F7556}") = "ShopManagement.Infrastructure.InventoryAcl", "ShopManagement.Infrastructure.InventoryAcl\ShopManagement.Infrastructure.InventoryAcl.csproj", "{6CF252E6-13F9-4F9A-8B63-F5BE4B984BA2}"
EndProject
Project("{2150E333-8FDC-42A3-9474-1A3956D46DE8}") = "SM.Presentation", "SM.Presentation", "{2B0181A5-EAD3-4305-A8EA-9A9F465F5699}"
EndProject
Project("{9A19103F-16F7-4668-BE54-9A1E7A4F7556}") = "ShopManagement.Presentation.Api", "ShopManagement.Presentation.Api\ShopManagement.Presentation.Api.csproj", "{1E57A3CA-B6D4-49F9-97F2-3CE143C2188D}"
EndProject
Project("{2150E333-8FDC-42A3-9474-1A3956D46DE8}") = "IM.Presentation", "IM.Presentation", "{09BFE76F-3D53-4240-A1F7-48188789C540}"
EndProject
Project("{FAE04EC0-301F-11D3-BF4B-00C04F79EFBC}") = "InventoryManagement.Presentation.Api", "InventoryManagement.Presentation.Api\InventoryManagement.Presentation.Api.csproj", "{2F3117D3-30EA-4248-9BB8-A83308D114BF}"
EndProject
Global
	GlobalSection(SolutionConfigurationPlatforms) = preSolution
		Debug|Any CPU = Debug|Any CPU
		Release|Any CPU = Release|Any CPU
	EndGlobalSection
	GlobalSection(ProjectConfigurationPlatforms) = postSolution
		{C1D8A864-FF82-4246-A512-95E60451086E}.Debug|Any CPU.ActiveCfg = Debug|Any CPU
		{C1D8A864-FF82-4246-A512-95E60451086E}.Debug|Any CPU.Build.0 = Debug|Any CPU
		{C1D8A864-FF82-4246-A512-95E60451086E}.Release|Any CPU.ActiveCfg = Release|Any CPU
		{C1D8A864-FF82-4246-A512-95E60451086E}.Release|Any CPU.Build.0 = Release|Any CPU
		{6396079E-8EB8-43D8-99F9-B5CD01A576EE}.Debug|Any CPU.ActiveCfg = Debug|Any CPU
		{6396079E-8EB8-43D8-99F9-B5CD01A576EE}.Debug|Any CPU.Build.0 = Debug|Any CPU
		{6396079E-8EB8-43D8-99F9-B5CD01A576EE}.Release|Any CPU.ActiveCfg = Release|Any CPU
		{6396079E-8EB8-43D8-99F9-B5CD01A576EE}.Release|Any CPU.Build.0 = Release|Any CPU
		{D32766E4-A46B-428C-9779-76134BD80B2E}.Debug|Any CPU.ActiveCfg = Debug|Any CPU
		{D32766E4-A46B-428C-9779-76134BD80B2E}.Debug|Any CPU.Build.0 = Debug|Any CPU
		{D32766E4-A46B-428C-9779-76134BD80B2E}.Release|Any CPU.ActiveCfg = Release|Any CPU
		{D32766E4-A46B-428C-9779-76134BD80B2E}.Release|Any CPU.Build.0 = Release|Any CPU
		{A66EFE16-E708-43CB-A2F3-3FD4232489E4}.Debug|Any CPU.ActiveCfg = Debug|Any CPU
		{A66EFE16-E708-43CB-A2F3-3FD4232489E4}.Debug|Any CPU.Build.0 = Debug|Any CPU
		{A66EFE16-E708-43CB-A2F3-3FD4232489E4}.Release|Any CPU.ActiveCfg = Release|Any CPU
		{A66EFE16-E708-43CB-A2F3-3FD4232489E4}.Release|Any CPU.Build.0 = Release|Any CPU
		{B6DE8A47-EFB0-48C2-AE05-D7F86C127821}.Debug|Any CPU.ActiveCfg = Debug|Any CPU
		{B6DE8A47-EFB0-48C2-AE05-D7F86C127821}.Debug|Any CPU.Build.0 = Debug|Any CPU
		{B6DE8A47-EFB0-48C2-AE05-D7F86C127821}.Release|Any CPU.ActiveCfg = Release|Any CPU
		{B6DE8A47-EFB0-48C2-AE05-D7F86C127821}.Release|Any CPU.Build.0 = Release|Any CPU
		{5C885270-DB8B-48E7-9F64-9439C7368FB7}.Debug|Any CPU.ActiveCfg = Debug|Any CPU
		{5C885270-DB8B-48E7-9F64-9439C7368FB7}.Debug|Any CPU.Build.0 = Debug|Any CPU
		{5C885270-DB8B-48E7-9F64-9439C7368FB7}.Release|Any CPU.ActiveCfg = Release|Any CPU
		{5C885270-DB8B-48E7-9F64-9439C7368FB7}.Release|Any CPU.Build.0 = Release|Any CPU
		{3F8FDB12-EBDF-4438-BC14-729863688504}.Debug|Any CPU.ActiveCfg = Debug|Any CPU
		{3F8FDB12-EBDF-4438-BC14-729863688504}.Debug|Any CPU.Build.0 = Debug|Any CPU
		{3F8FDB12-EBDF-4438-BC14-729863688504}.Release|Any CPU.ActiveCfg = Release|Any CPU
		{3F8FDB12-EBDF-4438-BC14-729863688504}.Release|Any CPU.Build.0 = Release|Any CPU
		{4EA184AF-5EA7-4168-94C0-65677851D271}.Debug|Any CPU.ActiveCfg = Debug|Any CPU
		{4EA184AF-5EA7-4168-94C0-65677851D271}.Debug|Any CPU.Build.0 = Debug|Any CPU
		{4EA184AF-5EA7-4168-94C0-65677851D271}.Release|Any CPU.ActiveCfg = Release|Any CPU
		{4EA184AF-5EA7-4168-94C0-65677851D271}.Release|Any CPU.Build.0 = Release|Any CPU
		{FDC0B867-1932-43A8-8865-50BA2DF541A8}.Debug|Any CPU.ActiveCfg = Debug|Any CPU
		{FDC0B867-1932-43A8-8865-50BA2DF541A8}.Debug|Any CPU.Build.0 = Debug|Any CPU
		{FDC0B867-1932-43A8-8865-50BA2DF541A8}.Release|Any CPU.ActiveCfg = Release|Any CPU
		{FDC0B867-1932-43A8-8865-50BA2DF541A8}.Release|Any CPU.Build.0 = Release|Any CPU
		{EF00EBEC-89DF-44F2-9260-2E7B3ADAA633}.Debug|Any CPU.ActiveCfg = Debug|Any CPU
		{EF00EBEC-89DF-44F2-9260-2E7B3ADAA633}.Debug|Any CPU.Build.0 = Debug|Any CPU
		{EF00EBEC-89DF-44F2-9260-2E7B3ADAA633}.Release|Any CPU.ActiveCfg = Release|Any CPU
		{EF00EBEC-89DF-44F2-9260-2E7B3ADAA633}.Release|Any CPU.Build.0 = Release|Any CPU
		{4FBC50A8-12EF-4022-8378-6AAF350CEE7F}.Debug|Any CPU.ActiveCfg = Debug|Any CPU
		{4FBC50A8-12EF-4022-8378-6AAF350CEE7F}.Debug|Any CPU.Build.0 = Debug|Any CPU
		{4FBC50A8-12EF-4022-8378-6AAF350CEE7F}.Release|Any CPU.ActiveCfg = Release|Any CPU
		{4FBC50A8-12EF-4022-8378-6AAF350CEE7F}.Release|Any CPU.Build.0 = Release|Any CPU
		{284BCE17-C559-4E19-9B16-0C17DDA7E205}.Debug|Any CPU.ActiveCfg = Debug|Any CPU
		{284BCE17-C559-4E19-9B16-0C17DDA7E205}.Debug|Any CPU.Build.0 = Debug|Any CPU
		{284BCE17-C559-4E19-9B16-0C17DDA7E205}.Release|Any CPU.ActiveCfg = Release|Any CPU
		{284BCE17-C559-4E19-9B16-0C17DDA7E205}.Release|Any CPU.Build.0 = Release|Any CPU
		{61C089E9-A290-465B-84FC-BBF608A7D0C9}.Debug|Any CPU.ActiveCfg = Debug|Any CPU
		{61C089E9-A290-465B-84FC-BBF608A7D0C9}.Debug|Any CPU.Build.0 = Debug|Any CPU
		{61C089E9-A290-465B-84FC-BBF608A7D0C9}.Release|Any CPU.ActiveCfg = Release|Any CPU
		{61C089E9-A290-465B-84FC-BBF608A7D0C9}.Release|Any CPU.Build.0 = Release|Any CPU
		{C062A149-6B38-4ED4-8AC5-4B192CD0D2AC}.Debug|Any CPU.ActiveCfg = Debug|Any CPU
		{C062A149-6B38-4ED4-8AC5-4B192CD0D2AC}.Debug|Any CPU.Build.0 = Debug|Any CPU
		{C062A149-6B38-4ED4-8AC5-4B192CD0D2AC}.Release|Any CPU.ActiveCfg = Release|Any CPU
		{C062A149-6B38-4ED4-8AC5-4B192CD0D2AC}.Release|Any CPU.Build.0 = Release|Any CPU
		{FAF6B976-4F52-419D-86EC-67783396F37F}.Debug|Any CPU.ActiveCfg = Debug|Any CPU
		{FAF6B976-4F52-419D-86EC-67783396F37F}.Debug|Any CPU.Build.0 = Debug|Any CPU
		{FAF6B976-4F52-419D-86EC-67783396F37F}.Release|Any CPU.ActiveCfg = Release|Any CPU
		{FAF6B976-4F52-419D-86EC-67783396F37F}.Release|Any CPU.Build.0 = Release|Any CPU
		{4AC38CC4-A0B8-4945-8991-51B6C7EA1577}.Debug|Any CPU.ActiveCfg = Debug|Any CPU
		{4AC38CC4-A0B8-4945-8991-51B6C7EA1577}.Debug|Any CPU.Build.0 = Debug|Any CPU
		{4AC38CC4-A0B8-4945-8991-51B6C7EA1577}.Release|Any CPU.ActiveCfg = Release|Any CPU
		{4AC38CC4-A0B8-4945-8991-51B6C7EA1577}.Release|Any CPU.Build.0 = Release|Any CPU
		{C57C12D2-E902-42CD-9DFD-25DF5829AB6E}.Debug|Any CPU.ActiveCfg = Debug|Any CPU
		{C57C12D2-E902-42CD-9DFD-25DF5829AB6E}.Debug|Any CPU.Build.0 = Debug|Any CPU
		{C57C12D2-E902-42CD-9DFD-25DF5829AB6E}.Release|Any CPU.ActiveCfg = Release|Any CPU
		{C57C12D2-E902-42CD-9DFD-25DF5829AB6E}.Release|Any CPU.Build.0 = Release|Any CPU
		{DB92CAE8-B947-4F6B-8CC8-5B6714063C34}.Debug|Any CPU.ActiveCfg = Debug|Any CPU
		{DB92CAE8-B947-4F6B-8CC8-5B6714063C34}.Debug|Any CPU.Build.0 = Debug|Any CPU
		{DB92CAE8-B947-4F6B-8CC8-5B6714063C34}.Release|Any CPU.ActiveCfg = Release|Any CPU
		{DB92CAE8-B947-4F6B-8CC8-5B6714063C34}.Release|Any CPU.Build.0 = Release|Any CPU
		{ED3E774C-11E1-4908-BDCA-84145D78D5A1}.Debug|Any CPU.ActiveCfg = Debug|Any CPU
		{ED3E774C-11E1-4908-BDCA-84145D78D5A1}.Debug|Any CPU.Build.0 = Debug|Any CPU
		{ED3E774C-11E1-4908-BDCA-84145D78D5A1}.Release|Any CPU.ActiveCfg = Release|Any CPU
		{ED3E774C-11E1-4908-BDCA-84145D78D5A1}.Release|Any CPU.Build.0 = Release|Any CPU
		{3D15993E-56F8-430D-A4E3-C28BE0DA8C64}.Debug|Any CPU.ActiveCfg = Debug|Any CPU
		{3D15993E-56F8-430D-A4E3-C28BE0DA8C64}.Debug|Any CPU.Build.0 = Debug|Any CPU
		{3D15993E-56F8-430D-A4E3-C28BE0DA8C64}.Release|Any CPU.ActiveCfg = Release|Any CPU
		{3D15993E-56F8-430D-A4E3-C28BE0DA8C64}.Release|Any CPU.Build.0 = Release|Any CPU
		{30248C21-87EC-40CD-A5FF-037C5BAB0D81}.Debug|Any CPU.ActiveCfg = Debug|Any CPU
		{30248C21-87EC-40CD-A5FF-037C5BAB0D81}.Debug|Any CPU.Build.0 = Debug|Any CPU
		{30248C21-87EC-40CD-A5FF-037C5BAB0D81}.Release|Any CPU.ActiveCfg = Release|Any CPU
		{30248C21-87EC-40CD-A5FF-037C5BAB0D81}.Release|Any CPU.Build.0 = Release|Any CPU
		{57771073-FF50-4E18-866E-AC34F5BC0229}.Debug|Any CPU.ActiveCfg = Debug|Any CPU
		{57771073-FF50-4E18-866E-AC34F5BC0229}.Debug|Any CPU.Build.0 = Debug|Any CPU
		{57771073-FF50-4E18-866E-AC34F5BC0229}.Release|Any CPU.ActiveCfg = Release|Any CPU
		{57771073-FF50-4E18-866E-AC34F5BC0229}.Release|Any CPU.Build.0 = Release|Any CPU
		{80F4972B-0484-41EC-B970-283196B0706C}.Debug|Any CPU.ActiveCfg = Debug|Any CPU
		{80F4972B-0484-41EC-B970-283196B0706C}.Debug|Any CPU.Build.0 = Debug|Any CPU
		{80F4972B-0484-41EC-B970-283196B0706C}.Release|Any CPU.ActiveCfg = Release|Any CPU
		{80F4972B-0484-41EC-B970-283196B0706C}.Release|Any CPU.Build.0 = Release|Any CPU
		{81F02242-85B2-4CA8-8E0A-637B79DB5D39}.Debug|Any CPU.ActiveCfg = Debug|Any CPU
		{81F02242-85B2-4CA8-8E0A-637B79DB5D39}.Debug|Any CPU.Build.0 = Debug|Any CPU
		{81F02242-85B2-4CA8-8E0A-637B79DB5D39}.Release|Any CPU.ActiveCfg = Release|Any CPU
		{81F02242-85B2-4CA8-8E0A-637B79DB5D39}.Release|Any CPU.Build.0 = Release|Any CPU
		{A535258C-6200-47F7-A204-5BF69511D969}.Debug|Any CPU.ActiveCfg = Debug|Any CPU
		{A535258C-6200-47F7-A204-5BF69511D969}.Debug|Any CPU.Build.0 = Debug|Any CPU
		{A535258C-6200-47F7-A204-5BF69511D969}.Release|Any CPU.ActiveCfg = Release|Any CPU
		{A535258C-6200-47F7-A204-5BF69511D969}.Release|Any CPU.Build.0 = Release|Any CPU
		{A4C2EBEB-2A67-4E22-9EFE-4D61492021F0}.Debug|Any CPU.ActiveCfg = Debug|Any CPU
		{A4C2EBEB-2A67-4E22-9EFE-4D61492021F0}.Debug|Any CPU.Build.0 = Debug|Any CPU
		{A4C2EBEB-2A67-4E22-9EFE-4D61492021F0}.Release|Any CPU.ActiveCfg = Release|Any CPU
		{A4C2EBEB-2A67-4E22-9EFE-4D61492021F0}.Release|Any CPU.Build.0 = Release|Any CPU
		{F339D003-DA62-48CB-B5C4-3C4E2B5C6038}.Debug|Any CPU.ActiveCfg = Debug|Any CPU
		{F339D003-DA62-48CB-B5C4-3C4E2B5C6038}.Debug|Any CPU.Build.0 = Debug|Any CPU
		{F339D003-DA62-48CB-B5C4-3C4E2B5C6038}.Release|Any CPU.ActiveCfg = Release|Any CPU
		{F339D003-DA62-48CB-B5C4-3C4E2B5C6038}.Release|Any CPU.Build.0 = Release|Any CPU
		{AD6E42A4-AA0B-4DC9-9FC9-70C11C745182}.Debug|Any CPU.ActiveCfg = Debug|Any CPU
		{AD6E42A4-AA0B-4DC9-9FC9-70C11C745182}.Debug|Any CPU.Build.0 = Debug|Any CPU
		{AD6E42A4-AA0B-4DC9-9FC9-70C11C745182}.Release|Any CPU.ActiveCfg = Release|Any CPU
		{AD6E42A4-AA0B-4DC9-9FC9-70C11C745182}.Release|Any CPU.Build.0 = Release|Any CPU
		{4AE20385-E8FA-4FBC-8994-2264FAE02C15}.Debug|Any CPU.ActiveCfg = Debug|Any CPU
		{4AE20385-E8FA-4FBC-8994-2264FAE02C15}.Debug|Any CPU.Build.0 = Debug|Any CPU
		{4AE20385-E8FA-4FBC-8994-2264FAE02C15}.Release|Any CPU.ActiveCfg = Release|Any CPU
		{4AE20385-E8FA-4FBC-8994-2264FAE02C15}.Release|Any CPU.Build.0 = Release|Any CPU
		{252840D3-181C-4D4F-9C85-FD23C21A9E5E}.Debug|Any CPU.ActiveCfg = Debug|Any CPU
		{252840D3-181C-4D4F-9C85-FD23C21A9E5E}.Debug|Any CPU.Build.0 = Debug|Any CPU
		{252840D3-181C-4D4F-9C85-FD23C21A9E5E}.Release|Any CPU.ActiveCfg = Release|Any CPU
		{252840D3-181C-4D4F-9C85-FD23C21A9E5E}.Release|Any CPU.Build.0 = Release|Any CPU
		{0BCC6F50-C8E1-46F2-B78E-3BF1208C4701}.Debug|Any CPU.ActiveCfg = Debug|Any CPU
		{0BCC6F50-C8E1-46F2-B78E-3BF1208C4701}.Debug|Any CPU.Build.0 = Debug|Any CPU
		{0BCC6F50-C8E1-46F2-B78E-3BF1208C4701}.Release|Any CPU.ActiveCfg = Release|Any CPU
		{0BCC6F50-C8E1-46F2-B78E-3BF1208C4701}.Release|Any CPU.Build.0 = Release|Any CPU
		{B6C1CFCF-CA97-4413-82D3-1DB36A479871}.Debug|Any CPU.ActiveCfg = Debug|Any CPU
		{B6C1CFCF-CA97-4413-82D3-1DB36A479871}.Debug|Any CPU.Build.0 = Debug|Any CPU
		{B6C1CFCF-CA97-4413-82D3-1DB36A479871}.Release|Any CPU.ActiveCfg = Release|Any CPU
		{B6C1CFCF-CA97-4413-82D3-1DB36A479871}.Release|Any CPU.Build.0 = Release|Any CPU
		{C0F7A8F8-170C-4DB6-80EA-C290965B0F59}.Debug|Any CPU.ActiveCfg = Debug|Any CPU
		{C0F7A8F8-170C-4DB6-80EA-C290965B0F59}.Debug|Any CPU.Build.0 = Debug|Any CPU
		{C0F7A8F8-170C-4DB6-80EA-C290965B0F59}.Release|Any CPU.ActiveCfg = Release|Any CPU
		{C0F7A8F8-170C-4DB6-80EA-C290965B0F59}.Release|Any CPU.Build.0 = Release|Any CPU
		{7F38E0FE-1F31-40FD-A0A6-ECBDCAFA57E1}.Debug|Any CPU.ActiveCfg = Debug|Any CPU
		{7F38E0FE-1F31-40FD-A0A6-ECBDCAFA57E1}.Debug|Any CPU.Build.0 = Debug|Any CPU
		{7F38E0FE-1F31-40FD-A0A6-ECBDCAFA57E1}.Release|Any CPU.ActiveCfg = Release|Any CPU
		{7F38E0FE-1F31-40FD-A0A6-ECBDCAFA57E1}.Release|Any CPU.Build.0 = Release|Any CPU
		{6CF252E6-13F9-4F9A-8B63-F5BE4B984BA2}.Debug|Any CPU.ActiveCfg = Debug|Any CPU
		{6CF252E6-13F9-4F9A-8B63-F5BE4B984BA2}.Debug|Any CPU.Build.0 = Debug|Any CPU
		{6CF252E6-13F9-4F9A-8B63-F5BE4B984BA2}.Release|Any CPU.ActiveCfg = Release|Any CPU
		{6CF252E6-13F9-4F9A-8B63-F5BE4B984BA2}.Release|Any CPU.Build.0 = Release|Any CPU
		{1E57A3CA-B6D4-49F9-97F2-3CE143C2188D}.Debug|Any CPU.ActiveCfg = Debug|Any CPU
		{1E57A3CA-B6D4-49F9-97F2-3CE143C2188D}.Debug|Any CPU.Build.0 = Debug|Any CPU
		{1E57A3CA-B6D4-49F9-97F2-3CE143C2188D}.Release|Any CPU.ActiveCfg = Release|Any CPU
		{1E57A3CA-B6D4-49F9-97F2-3CE143C2188D}.Release|Any CPU.Build.0 = Release|Any CPU
		{2F3117D3-30EA-4248-9BB8-A83308D114BF}.Debug|Any CPU.ActiveCfg = Debug|Any CPU
		{2F3117D3-30EA-4248-9BB8-A83308D114BF}.Debug|Any CPU.Build.0 = Debug|Any CPU
		{2F3117D3-30EA-4248-9BB8-A83308D114BF}.Release|Any CPU.ActiveCfg = Release|Any CPU
		{2F3117D3-30EA-4248-9BB8-A83308D114BF}.Release|Any CPU.Build.0 = Release|Any CPU
	EndGlobalSection
	GlobalSection(SolutionProperties) = preSolution
		HideSolutionNode = FALSE
	EndGlobalSection
	GlobalSection(NestedProjects) = preSolution
		{331BCF8F-E255-49DF-A163-DAE6BF22EB20} = {8F44C6F7-145F-43D2-8143-2BC774762585}
		{242CB5EF-2786-4C58-BB01-3BA85E6B8CAA} = {8F44C6F7-145F-43D2-8143-2BC774762585}
		{B5D67C1A-EC02-40EB-865D-4AD0B1107064} = {8F44C6F7-145F-43D2-8143-2BC774762585}
		{81003451-1B3F-4E6E-8CB9-F0A9C3446036} = {8F44C6F7-145F-43D2-8143-2BC774762585}
		{A66EFE16-E708-43CB-A2F3-3FD4232489E4} = {331BCF8F-E255-49DF-A163-DAE6BF22EB20}
		{B6DE8A47-EFB0-48C2-AE05-D7F86C127821} = {242CB5EF-2786-4C58-BB01-3BA85E6B8CAA}
		{5C885270-DB8B-48E7-9F64-9439C7368FB7} = {242CB5EF-2786-4C58-BB01-3BA85E6B8CAA}
		{3F8FDB12-EBDF-4438-BC14-729863688504} = {B5D67C1A-EC02-40EB-865D-4AD0B1107064}
		{4EA184AF-5EA7-4168-94C0-65677851D271} = {81003451-1B3F-4E6E-8CB9-F0A9C3446036}
		{9503181A-36E4-4921-9276-2B7413E7D03A} = {62B182E3-5234-4A08-86C3-24D01A7BDE7F}
		{B973C105-0F96-4E78-BD4F-2FE207FA3740} = {62B182E3-5234-4A08-86C3-24D01A7BDE7F}
		{282C274D-2FFF-40E7-BA3D-4186F30B9AB9} = {62B182E3-5234-4A08-86C3-24D01A7BDE7F}
		{80C182BB-94A4-4019-A9F1-5212B65236D4} = {62B182E3-5234-4A08-86C3-24D01A7BDE7F}
		{FDC0B867-1932-43A8-8865-50BA2DF541A8} = {9503181A-36E4-4921-9276-2B7413E7D03A}
		{EF00EBEC-89DF-44F2-9260-2E7B3ADAA633} = {282C274D-2FFF-40E7-BA3D-4186F30B9AB9}
		{4FBC50A8-12EF-4022-8378-6AAF350CEE7F} = {80C182BB-94A4-4019-A9F1-5212B65236D4}
		{284BCE17-C559-4E19-9B16-0C17DDA7E205} = {B973C105-0F96-4E78-BD4F-2FE207FA3740}
		{61C089E9-A290-465B-84FC-BBF608A7D0C9} = {B973C105-0F96-4E78-BD4F-2FE207FA3740}
		{EBEB2D87-AEF9-42F4-B673-CA4D1660E621} = {8924CF4A-D1D4-4403-AB47-0D63006FBAF6}
		{90BA4EF7-D956-4BD1-9F4B-1C5C8C62B24B} = {8924CF4A-D1D4-4403-AB47-0D63006FBAF6}
		{DBBC2599-1FEA-4EDF-94DD-F7D305A70B8A} = {8924CF4A-D1D4-4403-AB47-0D63006FBAF6}
		{A00FB159-A4E6-4ACA-8021-5FF386307BA0} = {8924CF4A-D1D4-4403-AB47-0D63006FBAF6}
		{C062A149-6B38-4ED4-8AC5-4B192CD0D2AC} = {EBEB2D87-AEF9-42F4-B673-CA4D1660E621}
		{FAF6B976-4F52-419D-86EC-67783396F37F} = {90BA4EF7-D956-4BD1-9F4B-1C5C8C62B24B}
		{4AC38CC4-A0B8-4945-8991-51B6C7EA1577} = {90BA4EF7-D956-4BD1-9F4B-1C5C8C62B24B}
		{C57C12D2-E902-42CD-9DFD-25DF5829AB6E} = {A00FB159-A4E6-4ACA-8021-5FF386307BA0}
		{DB92CAE8-B947-4F6B-8CC8-5B6714063C34} = {DBBC2599-1FEA-4EDF-94DD-F7D305A70B8A}
		{0553D412-8649-45EF-B184-1B8D863C9407} = {9A7E7A91-D415-452A-ADF9-1E93D0B49A8A}
		{44D4EDC9-1221-4712-A4E5-47314F1398A5} = {9A7E7A91-D415-452A-ADF9-1E93D0B49A8A}
		{D9CDCDB2-B542-4D76-B8E9-3F59463E669B} = {9A7E7A91-D415-452A-ADF9-1E93D0B49A8A}
		{58494BFE-894E-4202-9B8D-59A63B438E05} = {9A7E7A91-D415-452A-ADF9-1E93D0B49A8A}
		{ED3E774C-11E1-4908-BDCA-84145D78D5A1} = {0553D412-8649-45EF-B184-1B8D863C9407}
		{3D15993E-56F8-430D-A4E3-C28BE0DA8C64} = {44D4EDC9-1221-4712-A4E5-47314F1398A5}
		{30248C21-87EC-40CD-A5FF-037C5BAB0D81} = {44D4EDC9-1221-4712-A4E5-47314F1398A5}
		{57771073-FF50-4E18-866E-AC34F5BC0229} = {D9CDCDB2-B542-4D76-B8E9-3F59463E669B}
		{80F4972B-0484-41EC-B970-283196B0706C} = {58494BFE-894E-4202-9B8D-59A63B438E05}
		{84EF5298-59C4-453B-BAE7-B46A1D745E5A} = {00ACFDB3-D19D-4E62-A6D2-C19232CB811F}
		{45C6543B-F9B4-4AD2-B21B-4C45777B8826} = {00ACFDB3-D19D-4E62-A6D2-C19232CB811F}
		{C03C94B7-9DA9-4440-B667-503B0C586D43} = {00ACFDB3-D19D-4E62-A6D2-C19232CB811F}
		{918D74F4-8B7C-45E1-8570-A72D2312B142} = {00ACFDB3-D19D-4E62-A6D2-C19232CB811F}
		{81F02242-85B2-4CA8-8E0A-637B79DB5D39} = {84EF5298-59C4-453B-BAE7-B46A1D745E5A}
		{A535258C-6200-47F7-A204-5BF69511D969} = {45C6543B-F9B4-4AD2-B21B-4C45777B8826}
		{A4C2EBEB-2A67-4E22-9EFE-4D61492021F0} = {45C6543B-F9B4-4AD2-B21B-4C45777B8826}
		{F339D003-DA62-48CB-B5C4-3C4E2B5C6038} = {C03C94B7-9DA9-4440-B667-503B0C586D43}
		{AD6E42A4-AA0B-4DC9-9FC9-70C11C745182} = {918D74F4-8B7C-45E1-8570-A72D2312B142}
		{24505CEA-C9D5-4C2A-9893-9878B553AC5B} = {BB66EAA8-0D5E-463B-8E4E-AC6484063D4D}
		{4AE20385-E8FA-4FBC-8994-2264FAE02C15} = {24505CEA-C9D5-4C2A-9893-9878B553AC5B}
		{3F7DCBFA-3F1C-4F7E-87F6-0B2A9982CEBA} = {BB66EAA8-0D5E-463B-8E4E-AC6484063D4D}
		{252840D3-181C-4D4F-9C85-FD23C21A9E5E} = {3F7DCBFA-3F1C-4F7E-87F6-0B2A9982CEBA}
		{0BCC6F50-C8E1-46F2-B78E-3BF1208C4701} = {3F7DCBFA-3F1C-4F7E-87F6-0B2A9982CEBA}
		{8C0F554D-17FA-419C-9272-281C76523C40} = {BB66EAA8-0D5E-463B-8E4E-AC6484063D4D}
		{B6C1CFCF-CA97-4413-82D3-1DB36A479871} = {8C0F554D-17FA-419C-9272-281C76523C40}
		{C0F7A8F8-170C-4DB6-80EA-C290965B0F59} = {5D5EFDE6-5839-4831-AF88-0A7514E19A53}
		{5D5EFDE6-5839-4831-AF88-0A7514E19A53} = {BB66EAA8-0D5E-463B-8E4E-AC6484063D4D}
		{3542DC3E-605A-4A58-BC7D-1A64191774BC} = {8F44C6F7-145F-43D2-8143-2BC774762585}
		{7F38E0FE-1F31-40FD-A0A6-ECBDCAFA57E1} = {3542DC3E-605A-4A58-BC7D-1A64191774BC}
		{249B22CC-2BB4-4253-8B4E-87100BDB07AD} = {8F44C6F7-145F-43D2-8143-2BC774762585}
		{6CF252E6-13F9-4F9A-8B63-F5BE4B984BA2} = {249B22CC-2BB4-4253-8B4E-87100BDB07AD}
		{2B0181A5-EAD3-4305-A8EA-9A9F465F5699} = {8F44C6F7-145F-43D2-8143-2BC774762585}
		{1E57A3CA-B6D4-49F9-97F2-3CE143C2188D} = {2B0181A5-EAD3-4305-A8EA-9A9F465F5699}
		{09BFE76F-3D53-4240-A1F7-48188789C540} = {9A7E7A91-D415-452A-ADF9-1E93D0B49A8A}
		{2F3117D3-30EA-4248-9BB8-A83308D114BF} = {09BFE76F-3D53-4240-A1F7-48188789C540}
	EndGlobalSection
	GlobalSection(ExtensibilityGlobals) = postSolution
		SolutionGuid = {EA985242-C18C-41C6-BED0-ED0C0AF73FBA}
	EndGlobalSection
EndGlobal
